
Microsoft Visual Studio Solution File, Format Version 12.00
# Visual Studio Version 16
VisualStudioVersion = 16.0.32002.261
MinimumVisualStudioVersion = 10.0.40219.1
Project("{FAE04EC0-301F-11D3-BF4B-00C04F79EFBC}") = "FirstASPNETWebApp", "FirstASPNETWebApp\FirstASPNETWebApp.csproj", "{47FE00C9-E46D-4030-BFF5-DC66C9152517}"
EndProject
Global
	GlobalSection(SolutionConfigurationPlatforms) = preSolution
		Debug|Any CPU = Debug|Any CPU
		Release|Any CPU = Release|Any CPU
	EndGlobalSection
	GlobalSection(ProjectConfigurationPlatforms) = postSolution
		{47FE00C9-E46D-4030-BFF5-DC66C9152517}.Debug|Any CPU.ActiveCfg = Debug|Any CPU
		{47FE00C9-E46D-4030-BFF5-DC66C9152517}.Debug|Any CPU.Build.0 = Debug|Any CPU
		{47FE00C9-E46D-4030-BFF5-DC66C9152517}.Release|Any CPU.ActiveCfg = Release|Any CPU
		{47FE00C9-E46D-4030-BFF5-DC66C9152517}.Release|Any CPU.Build.0 = Release|Any CPU
	EndGlobalSection
	GlobalSection(SolutionProperties) = preSolution
		HideSolutionNode = FALSE
	EndGlobalSection
	GlobalSection(ExtensibilityGlobals) = postSolution
		SolutionGuid = {2FA7FBDD-D851-4BAE-9E7C-5130A01383BE}
	EndGlobalSection
EndGlobal
